
Microsoft Visual Studio Solution File, Format Version 12.00
# Visual Studio Version 16
VisualStudioVersion = 16.0.31729.503
MinimumVisualStudioVersion = 10.0.40219.1
Project("{FAE04EC0-301F-11D3-BF4B-00C04F79EFBC}") = "NevronApp", "NevronApp.csproj", "{AEC3B118-9133-416C-99B7-9C456E016EF3}"
EndProject
Global
	GlobalSection(SolutionConfigurationPlatforms) = preSolution
		Debug|Any CPU = Debug|Any CPU
		Release|Any CPU = Release|Any CPU
	EndGlobalSection
	GlobalSection(ProjectConfigurationPlatforms) = postSolution
		{AEC3B118-9133-416C-99B7-9C456E016EF3}.Debug|Any CPU.ActiveCfg = Debug|Any CPU
		{AEC3B118-9133-416C-99B7-9C456E016EF3}.Debug|Any CPU.Build.0 = Debug|Any CPU
		{AEC3B118-9133-416C-99B7-9C456E016EF3}.Release|Any CPU.ActiveCfg = Release|Any CPU
		{AEC3B118-9133-416C-99B7-9C456E016EF3}.Release|Any CPU.Build.0 = Release|Any CPU
	EndGlobalSection
	GlobalSection(SolutionProperties) = preSolution
		HideSolutionNode = FALSE
	EndGlobalSection
	GlobalSection(ExtensibilityGlobals) = postSolution
		SolutionGuid = {D8F04004-8E8B-4974-9CA7-D79DC611F7B8}
	EndGlobalSection
EndGlobal
